PODS:
  - CountryPickerSwift (1.8.2)
  - PhoneNumberKit (2.6.0):
    - PhoneNumberKit/PhoneNumberKitCore (= 2.6.0)
    - PhoneNumberKit/UIKit (= 2.6.0)
  - PhoneNumberKit/PhoneNumberKitCore (2.6.0)
  - PhoneNumberKit/UIKit (2.6.0):
    - PhoneNumberKit/PhoneNumberKitCore
  - PhoneVerificationController (2.0.2):
    - CountryPickerSwift
    - PhoneNumberKit
  - SwiftGen (6.5.1)

DEPENDENCIES:
  - PhoneVerificationController (from `../`)
  - SwiftGen

SPEC REPOS:
  trunk:
    - CountryPickerSwift
    - PhoneNumberKit
    - SwiftGen

EXTERNAL SOURCES:
  PhoneVerificationController:
    :path: "../"

SPEC CHECKSUMS:
  CountryPickerSwift: b2cd8b391a0222bd9a97d09ea30426303adac810
  PhoneNumberKit: 167ee1f0bbb6efce7c62559e620eae745595532f
  PhoneVerificationController: 5d111616a69df4fd87c715fc147a05e27afa369f
  SwiftGen: a6d22010845f08fe18fbdf3a07a8e380fd22e0ea

PODFILE CHECKSUM: ec5964eb3dce218c6036c3ac16f0cc6fb1e85053

COCOAPODS: 1.10.2
